// !$*UTF8*$!
{
	archiveVersion = 1;
	classes = {
	};
	objectVersion = 48;
	objects = {

/* Begin PBXBuildFile section */
		53950B6E1FB92F6D00297FC9 /* sticker StickerPackExtension.appex in Embed App Extensions */ = {isa = PBXBuildFile; fileRef = 53950B6D1FB92F6D00297FC9 /* sticker StickerPackExtension.appex */; settings = {ATTRIBUTES = (RemoveHeadersOnCopy, ); }; };
		53950B721FB92F6D00297FC9 /* Stickers.xcstickers in Resources */ = {isa = PBXBuildFile; fileRef = 53950B711FB92F6D00297FC9 /* Stickers.xcstickers */; };
		53950B731FB92F6D00297FC9 /* Stickers.xcstickers in Resources */ = {isa = PBXBuildFile; fileRef = 53950B711FB92F6D00297FC9 /* Stickers.xcstickers */; };
/* End PBXBuildFile section */

/* Begin PBXContainerItemProxy section */
		53950B6F1FB92F6D00297FC9 /* PBXContainerItemProxy */ = {
			isa = PBXContainerItemProxy;
			containerPortal = 53950B631FB92F6D00297FC9 /* Project object */;
			proxyType = 1;
			remoteGlobalIDString = 53950B6C1FB92F6D00297FC9;
			remoteInfo = "sticker StickerPackExtension";
		};
/* End PBXContainerItemProxy section */

/* Begin PBXCopyFilesBuildPhase section */
		53950B791FB92F6D00297FC9 /* Embed App Extensions */ = {
			isa = PBXCopyFilesBuildPhase;
			buildActionMask = 2147483647;
			dstPath = "";
			dstSubfolderSpec = 13;
			files = (
				53950B6E1FB92F6D00297FC9 /* sticker StickerPackExtension.appex in Embed App Extensions */,
			);
			name = "Embed App Extensions";
			runOnlyForDeploymentPostprocessing = 0;
		};
/* End PBXCopyFilesBuildPhase section */

/* Begin PBXFileReference section */
		53950B691FB92F6D00297FC9 /* sticker.app */ = {isa = PBXFileReference; explicitFileType = wrapper.application; includeInIndex = 0; path = sticker.app; sourceTree = BUILT_PRODUCTS_DIR; };
		53950B6D1FB92F6D00297FC9 /* sticker StickerPackExtension.appex */ = {isa = PBXFileReference; explicitFileType = "wrapper.app-extension"; includeInIndex = 0; path = "sticker StickerPackExtension.appex"; sourceTree = BUILT_PRODUCTS_DIR; };
		53950B711FB92F6D00297FC9 /* Stickers.xcstickers */ = {isa = PBXFileReference; lastKnownFileType = folder.stickers; name = Stickers.xcstickers; path = "sticker StickerPackExtension/Stickers.xcstickers"; sourceTree = "<group>"; };
/* End PBXFileReference section */

/* Begin PBXGroup section */
		53950B621FB92F6D00297FC9 = {
			isa = PBXGroup;
			children = (
				53950B711FB92F6D00297FC9 /* Stickers.xcstickers */,
				53950B6A1FB92F6D00297FC9 /* Products */,
			);
			sourceTree = "<group>";
		};
		53950B6A1FB92F6D00297FC9 /* Products */ = {
			isa = PBXGroup;
			children = (
				53950B691FB92F6D00297FC9 /* sticker.app */,
				53950B6D1FB92F6D00297FC9 /* sticker StickerPackExtension.appex */,
			);
			name = Products;
			sourceTree = "<group>";
		};
/* End PBXGroup section */

/* Begin PBXNativeTarget section */
		53950B681FB92F6D00297FC9 /* sticker */ = {
			isa = PBXNativeTarget;
			buildConfigurationList = 53950B7A1FB92F6D00297FC9 /* Build configuration list for PBXNativeTarget "sticker" */;
			buildPhases = (
				53950B671FB92F6D00297FC9 /* Resources */,
				53950B791FB92F6D00297FC9 /* Embed App Extensions */,
			);
			buildRules = (
			);
			dependencies = (
				53950B701FB92F6D00297FC9 /* PBXTargetDependency */,
			);
			name = sticker;
			productName = sticker;
			productReference = 53950B691FB92F6D00297FC9 /* sticker.app */;
			productType = "com.apple.product-type.application.messages";
		};
		53950B6C1FB92F6D00297FC9 /* sticker StickerPackExtension */ = {
			isa = PBXNativeTarget;
			buildConfigurationList = 53950B761FB92F6D00297FC9 /* Build configuration list for PBXNativeTarget "sticker StickerPackExtension" */;
			buildPhases = (
				53950B6B1FB92F6D00297FC9 /* Resources */,
			);
			buildRules = (
			);
			dependencies = (
			);
			name = "sticker StickerPackExtension";
			productName = "sticker StickerPackExtension";
			productReference = 53950B6D1FB92F6D00297FC9 /* sticker StickerPackExtension.appex */;
			productType = "com.apple.product-type.app-extension.messages-sticker-pack";
		};
/* End PBXNativeTarget section */

/* Begin PBXProject section */
		53950B631FB92F6D00297FC9 /* Project object */ = {
			isa = PBXProject;
			attributes = {
				LastUpgradeCheck = 0910;
				ORGANIZATIONNAME = Sam;
				TargetAttributes = {
					53950B681FB92F6D00297FC9 = {
						CreatedOnToolsVersion = 9.1;
						ProvisioningStyle = Automatic;
					};
					53950B6C1FB92F6D00297FC9 = {
						CreatedOnToolsVersion = 9.1;
						ProvisioningStyle = Automatic;
					};
				};
			};
			buildConfigurationList = 53950B661FB92F6D00297FC9 /* Build configuration list for PBXProject "sticker" */;
			compatibilityVersion = "Xcode 8.0";
			developmentRegion = en;
			hasScannedForEncodings = 0;
			knownRegions = (
				en,
			);
			mainGroup = 53950B621FB92F6D00297FC9;
			productRefGroup = 53950B6A1FB92F6D00297FC9 /* Products */;
			projectDirPath = "";
			projectRoot = "";
			targets = (
				53950B681FB92F6D00297FC9 /* sticker */,
				53950B6C1FB92F6D00297FC9 /* sticker StickerPackExtension */,
			);
		};
/* End PBXProject section */

/* Begin PBXResourcesBuildPhase section */
		53950B671FB92F6D00297FC9 /* Resources */ = {
			isa = PBXResourcesBuildPhase;
			buildActionMask = 2147483647;
			files = (
				53950B731FB92F6D00297FC9 /* Stickers.xcstickers in Resources */,
			);
			runOnlyForDeploymentPostprocessing = 0;
		};
		53950B6B1FB92F6D00297FC9 /* Resources */ = {
			isa = PBXResourcesBuildPhase;
			buildActionMask = 2147483647;
			files = (
				53950B721FB92F6D00297FC9 /* Stickers.xcstickers in Resources */,
			);
			runOnlyForDeploymentPostprocessing = 0;
		};
/* End PBXResourcesBuildPhase section */

/* Begin PBXTargetDependency section */
		53950B701FB92F6D00297FC9 /* PBXTargetDependency */ = {
			isa = PBXTargetDependency;
			target = 53950B6C1FB92F6D00297FC9 /* sticker StickerPackExtension */;
			targetProxy = 53950B6F1FB92F6D00297FC9 /* PBXContainerItemProxy */;
		};
/* End PBXTargetDependency section */

/* Begin XCBuildConfiguration section */
		53950B741FB92F6D00297FC9 /* Debug */ = {
			isa = XCBuildConfiguration;
			buildSettings = {
				ALWAYS_SEARCH_USER_PATHS = NO;
				CLANG_ANALYZER_NONNULL = YES;
				CLANG_ANALYZER_NUMBER_OBJECT_CONVERSION = YES_AGGRESSIVE;
				CLANG_CXX_LANGUAGE_STANDARD = "gnu++14";
				CLANG_CXX_LIBRARY = "libc++";
				CLANG_ENABLE_MODULES = YES;
				CLANG_ENABLE_OBJC_ARC = YES;
				CLANG_WARN_BLOCK_CAPTURE_AUTORELEASING = YES;
				CLANG_WARN_BOOL_CONVERSION = YES;
				CLANG_WARN_COMMA = YES;
				CLANG_WARN_CONSTANT_CONVERSION = YES;
				CLANG_WARN_DIRECT_OBJC_ISA_USAGE = YES_ERROR;
				CLANG_WARN_DOCUMENTATION_COMMENTS = YES;
				CLANG_WARN_EMPTY_BODY = YES;
				CLANG_WARN_ENUM_CONVERSION = YES;
				CLANG_WARN_INFINITE_RECURSION = YES;
				CLANG_WARN_INT_CONVERSION = YES;
				CLANG_WARN_NON_LITERAL_NULL_CONVERSION = YES;
				CLANG_WARN_OBJC_LITERAL_CONVERSION = YES;
				CLANG_WARN_OBJC_ROOT_CLASS = YES_ERROR;
				CLANG_WARN_RANGE_LOOP_ANALYSIS = YES;
				CLANG_WARN_STRICT_PROTOTYPES = YES;
				CLANG_WARN_SUSPICIOUS_MOVE = YES;
				CLANG_WARN_UNGUARDED_AVAILABILITY = YES_AGGRESSIVE;
				CLANG_WARN_UNREACHABLE_CODE = YES;
				CLANG_WARN__DUPLICATE_METHOD_MATCH = YES;
				CODE_SIGN_IDENTITY = "iPhone Developer";
				COPY_PHASE_STRIP = NO;
				DEBUG_INFORMATION_FORMAT = dwarf;
				ENABLE_STRICT_OBJC_MSGSEND = YES;
				ENABLE_TESTABILITY = YES;
				GCC_C_LANGUAGE_STANDARD = gnu11;
				GCC_DYNAMIC_NO_PIC = NO;
				GCC_NO_COMMON_BLOCKS = YES;
				GCC_OPTIMIZATION_LEVEL = 0;
				GCC_PREPROCESSOR_DEFINITIONS = (
					"DEBUG=1",
					"$(inherited)",
				);
				GCC_WARN_64_TO_32_BIT_CONVERSION = YES;
				GCC_WARN_ABOUT_RETURN_TYPE = YES_ERROR;
				GCC_WARN_UNDECLARED_SELECTOR = YES;
				GCC_WARN_UNINITIALIZED_AUTOS = YES_AGGRESSIVE;
				GCC_WARN_UNUSED_FUNCTION = YES;
				GCC_WARN_UNUSED_VARIABLE = YES;
				IPHONEOS_DEPLOYMENT_TARGET = 11.1;
				MTL_ENABLE_DEBUG_INFO = YES;
				ONLY_ACTIVE_ARCH = YES;
				SDKROOT = iphoneos;
			};
			name = Debug;
		};
		53950B751FB92F6D00297FC9 /* Release */ = {
			isa = XCBuildConfiguration;
			buildSettings = {
				ALWAYS_SEARCH_USER_PATHS = NO;
				CLANG_ANALYZER_NONNULL = YES;
				CLANG_ANALYZER_NUMBER_OBJECT_CONVERSION = YES_AGGRESSIVE;
				CLANG_CXX_LANGUAGE_STANDARD = "gnu++14";
				CLANG_CXX_LIBRARY = "libc++";
				CLANG_ENABLE_MODULES = YES;
				CLANG_ENABLE_OBJC_ARC = YES;
				CLANG_WARN_BLOCK_CAPTURE_AUTORELEASING = YES;
				CLANG_WARN_BOOL_CONVERSION = YES;
				CLANG_WARN_COMMA = YES;
				CLANG_WARN_CONSTANT_CONVERSION = YES;
				CLANG_WARN_DIRECT_OBJC_ISA_USAGE = YES_ERROR;
				CLANG_WARN_DOCUMENTATION_COMMENTS = YES;
				CLANG_WARN_EMPTY_BODY = YES;
				CLANG_WARN_ENUM_CONVERSION = YES;
				CLANG_WARN_INFINITE_RECURSION = YES;
				CLANG_WARN_INT_CONVERSION = YES;
				CLANG_WARN_NON_LITERAL_NULL_CONVERSION = YES;
				CLANG_WARN_OBJC_LITERAL_CONVERSION = YES;
				CLANG_WARN_OBJC_ROOT_CLASS = YES_ERROR;
				CLANG_WARN_RANGE_LOOP_ANALYSIS = YES;
				CLANG_WARN_STRICT_PROTOTYPES = YES;
				CLANG_WARN_SUSPICIOUS_MOVE = YES;
				CLANG_WARN_UNGUARDED_AVAILABILITY = YES_AGGRESSIVE;
				CLANG_WARN_UNREACHABLE_CODE = YES;
				CLANG_WARN__DUPLICATE_METHOD_MATCH = YES;
				CODE_SIGN_IDENTITY = "iPhone Developer";
				COPY_PHASE_STRIP = NO;
				DEBUG_INFORMATION_FORMAT = "dwarf-with-dsym";
				ENABLE_NS_ASSERTIONS = NO;
				ENABLE_STRICT_OBJC_MSGSEND = YES;
				GCC_C_LANGUAGE_STANDARD = gnu11;
				GCC_NO_COMMON_BLOCKS = YES;
				GCC_WARN_64_TO_32_BIT_CONVERSION = YES;
				GCC_WARN_ABOUT_RETURN_TYPE = YES_ERROR;
				GCC_WARN_UNDECLARED_SELECTOR = YES;
				GCC_WARN_UNINITIALIZED_AUTOS = YES_AGGRESSIVE;
				GCC_WARN_UNUSED_FUNCTION = YES;
				GCC_WARN_UNUSED_VARIABLE = YES;
				IPHONEOS_DEPLOYMENT_TARGET = 11.1;
				MTL_ENABLE_DEBUG_INFO = NO;
				SDKROOT = iphoneos;
				VALIDATE_PRODUCT = YES;
			};
			name = Release;
		};
		53950B771FB92F6D00297FC9 /* Debug */ = {
			isa = XCBuildConfiguration;
			buildSettings = {
				ASSETCATALOG_COMPILER_APPICON_NAME = "iMessage App Icon";
				CODE_SIGN_STYLE = Automatic;
				DEVELOPMENT_TEAM = 5EL7YNNLPR;
				INFOPLIST_FILE = "sticker StickerPackExtension/Info.plist";
				PRODUCT_BUNDLE_IDENTIFIER = com.ios.developement.meetup.sticker.StickerPackExtension;
				PRODUCT_NAME = "$(TARGET_NAME)";
				SKIP_INSTALL = YES;
				TARGETED_DEVICE_FAMILY = 1;
			};
			name = Debug;
		};
		53950B781FB92F6D00297FC9 /* Release */ = {
			isa = XCBuildConfiguration;
			buildSettings = {
				ASSETCATALOG_COMPILER_APPICON_NAME = "iMessage App Icon";
				CODE_SIGN_STYLE = Automatic;
				DEVELOPMENT_TEAM = 5EL7YNNLPR;
				INFOPLIST_FILE = "sticker StickerPackExtension/Info.plist";
				PRODUCT_BUNDLE_IDENTIFIER = com.ios.developement.meetup.sticker.StickerPackExtension;
				PRODUCT_NAME = "$(TARGET_NAME)";
				SKIP_INSTALL = YES;
				TARGETED_DEVICE_FAMILY = 1;
			};
			name = Release;
		};
		53950B7B1FB92F6D00297FC9 /* Debug */ = {
			isa = XCBuildConfiguration;
			buildSettings = {
				ASSETCATALOG_COMPILER_APPICON_NAME = "iMessage App Icon";
				CODE_SIGN_STYLE = Automatic;
				DEVELOPMENT_TEAM = 5EL7YNNLPR;
				INFOPLIST_FILE = sticker/Info.plist;
				PRODUCT_BUNDLE_IDENTIFIER = com.ios.developement.meetup.sticker;
				PRODUCT_NAME = "$(TARGET_NAME)";
				TARGETED_DEVICE_FAMILY = "1,2";
			};
			name = Debug;
		};
		53950B7C1FB92F6D00297FC9 /* Release */ = {
			isa = XCBuildConfiguration;
			buildSettings = {
				ASSETCATALOG_COMPILER_APPICON_NAME = "iMessage App Icon";
				CODE_SIGN_STYLE = Automatic;
				DEVELOPMENT_TEAM = 5EL7YNNLPR;
				INFOPLIST_FILE = sticker/Info.plist;
				PRODUCT_BUNDLE_IDENTIFIER = com.ios.developement.meetup.sticker;
				PRODUCT_NAME = "$(TARGET_NAME)";
				TARGETED_DEVICE_FAMILY = "1,2";
			};
			name = Release;
		};
/* End XCBuildConfiguration section */

/* Begin XCConfigurationList section */
		53950B661FB92F6D00297FC9 /* Build configuration list for PBXProject "sticker" */ = {
			isa = XCConfigurationList;
			buildConfigurations = (
				53950B741FB92F6D00297FC9 /* Debug */,
				53950B751FB92F6D00297FC9 /* Release */,
			);
			defaultConfigurationIsVisible = 0;
			defaultConfigurationName = Release;
		};
		53950B761FB92F6D00297FC9 /* Build configuration list for PBXNativeTarget "sticker StickerPackExtension" */ = {
			isa = XCConfigurationList;
			buildConfigurations = (
				53950B771FB92F6D00297FC9 /* Debug */,
				53950B781FB92F6D00297FC9 /* Release */,
			);
			defaultConfigurationIsVisible = 0;
			defaultConfigurationName = Release;
		};
		53950B7A1FB92F6D00297FC9 /* Build configuration list for PBXNativeTarget "sticker" */ = {
			isa = XCConfigurationList;
			buildConfigurations = (
				53950B7B1FB92F6D00297FC9 /* Debug */,
				53950B7C1FB92F6D00297FC9 /* Release */,
			);
			defaultConfigurationIsVisible = 0;
			defaultConfigurationName = Release;
		};
/* End XCConfigurationList section */
	};
	rootObject = 53950B631FB92F6D00297FC9 /* Project object */;
}
